dependencies:
- name: datahub-gms
  repository: file://./subcharts/datahub-gms
  version: 0.2.163
- name: datahub-frontend
  repository: file://./subcharts/datahub-frontend
  version: 0.2.156
- name: datahub-mae-consumer
  repository: file://./subcharts/datahub-mae-consumer
  version: 0.2.157
- name: datahub-mce-consumer
  repository: file://./subcharts/datahub-mce-consumer
  version: 0.2.159
- name: datahub-ingestion-cron
  repository: file://./subcharts/datahub-ingestion-cron
  version: 0.2.142
- name: acryl-datahub-actions
  repository: file://./subcharts/acryl-datahub-actions
  version: 0.2.144
digest: sha256:65e858a3893823573480fa425629ed960e91805c92f4818e1684e2f0c1ee685b
generated: "2024-03-04T17:23:17.970772751Z"
